{
  "name": "ajs_library_used",
  "version": "1.0.0",
  "lockfileVersion": 2,
  "requires": true,
  "packages": {
    "": {
      "name": "ajs_library_used",
      "version": "1.0.0",
      "license": "ISC",
      "dependencies": {
        "@grokki91/ajs": "^1.0.0"
      }
    },
    "node_modules/@grokki91/ajs": {
      "version": "1.0.0",
      "resolved": "https://npm.pkg.github.com/download/@grokki91/ajs/1.0.0/6385b01f321278defedc1b3bcb67c72b411cc7cc",
      "integrity": "sha512-z11ygGJfqkrXCTEv9FrRDQZc85buUQe3/VQBbwTa2adIKuga0JWkGPJysThXD/FxQzfWg+FqjJ8qgUybYJ7hEQ==",
      "license": "ISC"
    }
  },
  "dependencies": {
    "@grokki91/ajs": {
      "version": "1.0.0",
      "resolved": "https://npm.pkg.github.com/download/@grokki91/ajs/1.0.0/6385b01f321278defedc1b3bcb67c72b411cc7cc",
      "integrity": "sha512-z11ygGJfqkrXCTEv9FrRDQZc85buUQe3/VQBbwTa2adIKuga0JWkGPJysThXD/FxQzfWg+FqjJ8qgUybYJ7hEQ=="
    }
  }
}
